
Microsoft Visual Studio Solution File, Format Version 12.00
# Visual Studio Version 17
VisualStudioVersion = 17.3.32901.215
MinimumVisualStudioVersion = 10.0.40219.1
Project("{8BC9CEB8-8B4A-11D0-8D11-00A0C91BC942}") = "HexCpp", "HexCpp.vcxproj", "{AA7B6B54-9226-4134-B1A7-1C38499B9371}"
EndProject
Project("{8BC9CEB8-8B4A-11D0-8D11-00A0C91BC942}") = "HexTests", "..\HexTests\HexTests.vcxproj", "{D4EC57CA-006B-4FE5-9120-494F057A96CA}"
EndProject
Global
	GlobalSection(SolutionConfigurationPlatforms) = preSolution
		Debug|x64 = Debug|x64
		Debug|x86 = Debug|x86
		DebugLinux|x64 = DebugLinux|x64
		DebugLinux|x86 = DebugLinux|x86
		DWindows|x64 = DWindows|x64
		DWindows|x86 = DWindows|x86
		HexDll|x64 = HexDll|x64
		HexDll|x86 = HexDll|x86
		Release|x64 = Release|x64
		Release|x86 = Release|x86
		ReleaseLinux|x64 = ReleaseLinux|x64
		ReleaseLinux|x86 = ReleaseLinux|x86
		RWindows|x64 = RWindows|x64
		RWindows|x86 = RWindows|x86
	EndGlobalSection
	GlobalSection(ProjectConfigurationPlatforms) = postSolution
		{AA7B6B54-9226-4134-B1A7-1C38499B9371}.Debug|x64.ActiveCfg = DebugWindows|x64
		{AA7B6B54-9226-4134-B1A7-1C38499B9371}.Debug|x64.Build.0 = DebugWindows|x64
		{AA7B6B54-9226-4134-B1A7-1C38499B9371}.Debug|x86.ActiveCfg = DebugWindows|x64
		{AA7B6B54-9226-4134-B1A7-1C38499B9371}.Debug|x86.Build.0 = DebugWindows|x64
		{AA7B6B54-9226-4134-B1A7-1C38499B9371}.DebugLinux|x64.ActiveCfg = DebugLinux|x64
		{AA7B6B54-9226-4134-B1A7-1C38499B9371}.DebugLinux|x64.Build.0 = DebugLinux|x64
		{AA7B6B54-9226-4134-B1A7-1C38499B9371}.DebugLinux|x64.Deploy.0 = DebugLinux|x64
		{AA7B6B54-9226-4134-B1A7-1C38499B9371}.DebugLinux|x86.ActiveCfg = DebugLinux|x64
		{AA7B6B54-9226-4134-B1A7-1C38499B9371}.DebugLinux|x86.Build.0 = DebugLinux|x64
		{AA7B6B54-9226-4134-B1A7-1C38499B9371}.DebugLinux|x86.Deploy.0 = DebugLinux|x64
		{AA7B6B54-9226-4134-B1A7-1C38499B9371}.DWindows|x64.ActiveCfg = DebugWindows|x64
		{AA7B6B54-9226-4134-B1A7-1C38499B9371}.DWindows|x64.Build.0 = DebugWindows|x64
		{AA7B6B54-9226-4134-B1A7-1C38499B9371}.DWindows|x86.ActiveCfg = DebugWindows|x64
		{AA7B6B54-9226-4134-B1A7-1C38499B9371}.DWindows|x86.Build.0 = DebugWindows|x64
		{AA7B6B54-9226-4134-B1A7-1C38499B9371}.HexDll|x64.ActiveCfg = HexDll|x64
		{AA7B6B54-9226-4134-B1A7-1C38499B9371}.HexDll|x64.Build.0 = HexDll|x64
		{AA7B6B54-9226-4134-B1A7-1C38499B9371}.HexDll|x86.ActiveCfg = HexDll|x64
		{AA7B6B54-9226-4134-B1A7-1C38499B9371}.HexDll|x86.Build.0 = HexDll|x64
		{AA7B6B54-9226-4134-B1A7-1C38499B9371}.Release|x64.ActiveCfg = ReleaseWindows|x64
		{AA7B6B54-9226-4134-B1A7-1C38499B9371}.Release|x64.Build.0 = ReleaseWindows|x64
		{AA7B6B54-9226-4134-B1A7-1C38499B9371}.Release|x86.ActiveCfg = ReleaseWindows|x64
		{AA7B6B54-9226-4134-B1A7-1C38499B9371}.Release|x86.Build.0 = ReleaseWindows|x64
		{AA7B6B54-9226-4134-B1A7-1C38499B9371}.ReleaseLinux|x64.ActiveCfg = ReleaseLinux|x64
		{AA7B6B54-9226-4134-B1A7-1C38499B9371}.ReleaseLinux|x64.Build.0 = ReleaseLinux|x64
		{AA7B6B54-9226-4134-B1A7-1C38499B9371}.ReleaseLinux|x64.Deploy.0 = ReleaseLinux|x64
		{AA7B6B54-9226-4134-B1A7-1C38499B9371}.ReleaseLinux|x86.ActiveCfg = ReleaseLinux|x64
		{AA7B6B54-9226-4134-B1A7-1C38499B9371}.ReleaseLinux|x86.Build.0 = ReleaseLinux|x64
		{AA7B6B54-9226-4134-B1A7-1C38499B9371}.ReleaseLinux|x86.Deploy.0 = ReleaseLinux|x64
		{AA7B6B54-9226-4134-B1A7-1C38499B9371}.RWindows|x64.ActiveCfg = ReleaseWindows|x64
		{AA7B6B54-9226-4134-B1A7-1C38499B9371}.RWindows|x64.Build.0 = ReleaseWindows|x64
		{AA7B6B54-9226-4134-B1A7-1C38499B9371}.RWindows|x86.ActiveCfg = ReleaseWindows|x64
		{AA7B6B54-9226-4134-B1A7-1C38499B9371}.RWindows|x86.Build.0 = ReleaseWindows|x64
		{D4EC57CA-006B-4FE5-9120-494F057A96CA}.Debug|x64.ActiveCfg = Debug|x64
		{D4EC57CA-006B-4FE5-9120-494F057A96CA}.Debug|x64.Build.0 = Debug|x64
		{D4EC57CA-006B-4FE5-9120-494F057A96CA}.Debug|x86.ActiveCfg = Debug|Win32
		{D4EC57CA-006B-4FE5-9120-494F057A96CA}.Debug|x86.Build.0 = Debug|Win32
		{D4EC57CA-006B-4FE5-9120-494F057A96CA}.DebugLinux|x64.ActiveCfg = Debug|x64
		{D4EC57CA-006B-4FE5-9120-494F057A96CA}.DebugLinux|x64.Build.0 = Debug|x64
		{D4EC57CA-006B-4FE5-9120-494F057A96CA}.DebugLinux|x86.ActiveCfg = Debug|Win32
		{D4EC57CA-006B-4FE5-9120-494F057A96CA}.DebugLinux|x86.Build.0 = Debug|Win32
		{D4EC57CA-006B-4FE5-9120-494F057A96CA}.DWindows|x64.ActiveCfg = Debug|x64
		{D4EC57CA-006B-4FE5-9120-494F057A96CA}.DWindows|x64.Build.0 = Debug|x64
		{D4EC57CA-006B-4FE5-9120-494F057A96CA}.DWindows|x86.ActiveCfg = Debug|Win32
		{D4EC57CA-006B-4FE5-9120-494F057A96CA}.DWindows|x86.Build.0 = Debug|Win32
		{D4EC57CA-006B-4FE5-9120-494F057A96CA}.HexDll|x64.ActiveCfg = HexDll|x64
		{D4EC57CA-006B-4FE5-9120-494F057A96CA}.HexDll|x64.Build.0 = HexDll|x64
		{D4EC57CA-006B-4FE5-9120-494F057A96CA}.HexDll|x86.ActiveCfg = HexDll|Win32
		{D4EC57CA-006B-4FE5-9120-494F057A96CA}.HexDll|x86.Build.0 = HexDll|Win32
		{D4EC57CA-006B-4FE5-9120-494F057A96CA}.Release|x64.ActiveCfg = Release|x64
		{D4EC57CA-006B-4FE5-9120-494F057A96CA}.Release|x64.Build.0 = Release|x64
		{D4EC57CA-006B-4FE5-9120-494F057A96CA}.Release|x86.ActiveCfg = Release|Win32
		{D4EC57CA-006B-4FE5-9120-494F057A96CA}.Release|x86.Build.0 = Release|Win32
		{D4EC57CA-006B-4FE5-9120-494F057A96CA}.ReleaseLinux|x64.ActiveCfg = Release|x64
		{D4EC57CA-006B-4FE5-9120-494F057A96CA}.ReleaseLinux|x64.Build.0 = Release|x64
		{D4EC57CA-006B-4FE5-9120-494F057A96CA}.ReleaseLinux|x86.ActiveCfg = Release|Win32
		{D4EC57CA-006B-4FE5-9120-494F057A96CA}.ReleaseLinux|x86.Build.0 = Release|Win32
		{D4EC57CA-006B-4FE5-9120-494F057A96CA}.RWindows|x64.ActiveCfg = Release|x64
		{D4EC57CA-006B-4FE5-9120-494F057A96CA}.RWindows|x64.Build.0 = Release|x64
		{D4EC57CA-006B-4FE5-9120-494F057A96CA}.RWindows|x86.ActiveCfg = Release|Win32
		{D4EC57CA-006B-4FE5-9120-494F057A96CA}.RWindows|x86.Build.0 = Release|Win32
	EndGlobalSection
	GlobalSection(SolutionProperties) = preSolution
		HideSolutionNode = FALSE
	EndGlobalSection
	GlobalSection(ExtensibilityGlobals) = postSolution
		SolutionGuid = {48579CE7-29F7-4DAB-86B3-84559DCC602C}
	EndGlobalSection
EndGlobal
